// !$*UTF8*$!
{
	archiveVersion = 1;
	classes = {
	};
	objectVersion = 50;
	objects = {

/* Begin PBXBuildFile section */
		0449254F244DE9EC0024E6E8 /* Bernardo Moda Bold.ttf in Resources */ = {isa = PBXBuildFile; fileRef = 0449254E244DE9E90024E6E8 /* Bernardo Moda Bold.ttf */; };
		04492550244DE9EF0024E6E8 /* NickelodeonNF.otf in Resources */ = {isa = PBXBuildFile; fileRef = 0449254D244DE9D20024E6E8 /* NickelodeonNF.otf */; };
		805F2EF123EB0F02003FC5B2 /* AppDelegate.swift in Sources */ = {isa = PBXBuildFile; fileRef = 805F2EF023EB0F02003FC5B2 /* AppDelegate.swift */; };
		805F2EF323EB0F02003FC5B2 /* SceneDelegate.swift in Sources */ = {isa = PBXBuildFile; fileRef = 805F2EF223EB0F02003FC5B2 /* SceneDelegate.swift */; };
		805F2EF523EB0F02003FC5B2 /* ViewController.swift in Sources */ = {isa = PBXBuildFile; fileRef = 805F2EF423EB0F02003FC5B2 /* ViewController.swift */; };
		805F2EF823EB0F02003FC5B2 /* Main.storyboard in Resources */ = {isa = PBXBuildFile; fileRef = 805F2EF623EB0F02003FC5B2 /* Main.storyboard */; };
		805F2EFA23EB0F03003FC5B2 /* Assets.xcassets in Resources */ = {isa = PBXBuildFile; fileRef = 805F2EF923EB0F03003FC5B2 /* Assets.xcassets */; };
		805F2EFD23EB0F03003FC5B2 /* LaunchScreen.storyboard in Resources */ = {isa = PBXBuildFile; fileRef = 805F2EFB23EB0F03003FC5B2 /* LaunchScreen.storyboard */; };
		805F2F0523EB1322003FC5B2 /* myData.swift in Sources */ = {isa = PBXBuildFile; fileRef = 805F2F0423EB1322003FC5B2 /* myData.swift */; };
/* End PBXBuildFile section */

/* Begin PBXFileReference section */
		0449254D244DE9D20024E6E8 /* NickelodeonNF.otf */ = {isa = PBXFileReference; lastKnownFileType = file; path = NickelodeonNF.otf; sourceTree = "<group>"; };
		0449254E244DE9E90024E6E8 /* Bernardo Moda Bold.ttf */ = {isa = PBXFileReference; lastKnownFileType = file; path = "Bernardo Moda Bold.ttf"; sourceTree = "<group>"; };
		805F2EED23EB0F02003FC5B2 /* Murder Mystery TDS.app */ = {isa = PBXFileReference; explicitFileType = wrapper.application; includeInIndex = 0; path = "Murder Mystery TDS.app"; sourceTree = BUILT_PRODUCTS_DIR; };
		805F2EF023EB0F02003FC5B2 /* AppDelegate.swift */ = {isa = PBXFileReference; lastKnownFileType = sourcecode.swift; path = AppDelegate.swift; sourceTree = "<group>"; };
		805F2EF223EB0F02003FC5B2 /* SceneDelegate.swift */ = {isa = PBXFileReference; lastKnownFileType = sourcecode.swift; path = SceneDelegate.swift; sourceTree = "<group>"; };
		805F2EF423EB0F02003FC5B2 /* ViewController.swift */ = {isa = PBXFileReference; lastKnownFileType = sourcecode.swift; path = ViewController.swift; sourceTree = "<group>"; };
		805F2EF723EB0F02003FC5B2 /* Base */ = {isa = PBXFileReference; lastKnownFileType = file.storyboard; name = Base; path = Base.lproj/Main.storyboard; sourceTree = "<group>"; };
		805F2EF923EB0F03003FC5B2 /* Assets.xcassets */ = {isa = PBXFileReference; lastKnownFileType = folder.assetcatalog; path = Assets.xcassets; sourceTree = "<group>"; };
		805F2EFC23EB0F03003FC5B2 /* Base */ = {isa = PBXFileReference; lastKnownFileType = file.storyboard; name = Base; path = Base.lproj/LaunchScreen.storyboard; sourceTree = "<group>"; };
		805F2EFE23EB0F03003FC5B2 /* Info.plist */ = {isa = PBXFileReference; lastKnownFileType = text.plist.xml; path = Info.plist; sourceTree = "<group>"; };
		805F2F0423EB1322003FC5B2 /* myData.swift */ = {isa = PBXFileReference; lastKnownFileType = sourcecode.swift; path = myData.swift; sourceTree = "<group>"; };
/* End PBXFileReference section */

/* Begin PBXFrameworksBuildPhase section */
		805F2EEA23EB0F02003FC5B2 /* Frameworks */ = {
			isa = PBXFrameworksBuildPhase;
			buildActionMask = 2147483647;
			files = (
			);
			runOnlyForDeploymentPostprocessing = 0;
		};
/* End PBXFrameworksBuildPhase section */

/* Begin PBXGroup section */
		805F2EE423EB0F02003FC5B2 = {
			isa = PBXGroup;
			children = (
				805F2EEF23EB0F02003FC5B2 /* Data Testing Example */,
				805F2EEE23EB0F02003FC5B2 /* Products */,
			);
			sourceTree = "<group>";
		};
		805F2EEE23EB0F02003FC5B2 /* Products */ = {
			isa = PBXGroup;
			children = (
				805F2EED23EB0F02003FC5B2 /* Murder Mystery TDS.app */,
			);
			name = Products;
			sourceTree = "<group>";
		};
		805F2EEF23EB0F02003FC5B2 /* Data Testing Example */ = {
			isa = PBXGroup;
			children = (
				805F2EF023EB0F02003FC5B2 /* AppDelegate.swift */,
				805F2EF223EB0F02003FC5B2 /* SceneDelegate.swift */,
				805F2EF423EB0F02003FC5B2 /* ViewController.swift */,
				805F2F0423EB1322003FC5B2 /* myData.swift */,
				805F2EF623EB0F02003FC5B2 /* Main.storyboard */,
				805F2EF923EB0F03003FC5B2 /* Assets.xcassets */,
				805F2EFB23EB0F03003FC5B2 /* LaunchScreen.storyboard */,
				0449254E244DE9E90024E6E8 /* Bernardo Moda Bold.ttf */,
				0449254D244DE9D20024E6E8 /* NickelodeonNF.otf */,
				805F2EFE23EB0F03003FC5B2 /* Info.plist */,
			);
			path = "Data Testing Example";
			sourceTree = "<group>";
		};
/* End PBXGroup section */

/* Begin PBXNativeTarget section */
		805F2EEC23EB0F02003FC5B2 /* Data Testing Example */ = {
			isa = PBXNativeTarget;
			buildConfigurationList = 805F2F0123EB0F03003FC5B2 /* Build configuration list for PBXNativeTarget "Data Testing Example" */;
			buildPhases = (
				805F2EE923EB0F02003FC5B2 /* Sources */,
				805F2EEA23EB0F02003FC5B2 /* Frameworks */,
				805F2EEB23EB0F02003FC5B2 /* Resources */,
			);
			buildRules = (
			);
			dependencies = (
			);
			name = "Data Testing Example";
			productName = "Data Testing Example";
			productReference = 805F2EED23EB0F02003FC5B2 /* Murder Mystery TDS.app */;
			productType = "com.apple.product-type.application";
		};
/* End PBXNativeTarget section */

/* Begin PBXProject section */
		805F2EE523EB0F02003FC5B2 /* Project object */ = {
			isa = PBXProject;
			attributes = {
				LastSwiftUpdateCheck = 1130;
				LastUpgradeCheck = 1130;
				ORGANIZATIONNAME = "The Delta School Student";
				TargetAttributes = {
					805F2EEC23EB0F02003FC5B2 = {
						CreatedOnToolsVersion = 11.3.1;
					};
				};
			};
			buildConfigurationList = 805F2EE823EB0F02003FC5B2 /* Build configuration list for PBXProject "Data Testing Example" */;
			compatibilityVersion = "Xcode 9.3";
			developmentRegion = en;
			hasScannedForEncodings = 0;
			knownRegions = (
				en,
				Base,
			);
			mainGroup = 805F2EE423EB0F02003FC5B2;
			productRefGroup = 805F2EEE23EB0F02003FC5B2 /* Products */;
			projectDirPath = "";
			projectRoot = "";
			targets = (
				805F2EEC23EB0F02003FC5B2 /* Data Testing Example */,
			);
		};
/* End PBXProject section */

/* Begin PBXResourcesBuildPhase section */
		805F2EEB23EB0F02003FC5B2 /* Resources */ = {
			isa = PBXResourcesBuildPhase;
			buildActionMask = 2147483647;
			files = (
				04492550244DE9EF0024E6E8 /* NickelodeonNF.otf in Resources */,
				805F2EFD23EB0F03003FC5B2 /* LaunchScreen.storyboard in Resources */,
				0449254F244DE9EC0024E6E8 /* Bernardo Moda Bold.ttf in Resources */,
				805F2EFA23EB0F03003FC5B2 /* Assets.xcassets in Resources */,
				805F2EF823EB0F02003FC5B2 /* Main.storyboard in Resources */,
			);
			runOnlyForDeploymentPostprocessing = 0;
		};
/* End PBXResourcesBuildPhase section */

/* Begin PBXSourcesBuildPhase section */
		805F2EE923EB0F02003FC5B2 /* Sources */ = {
			isa = PBXSourcesBuildPhase;
			buildActionMask = 2147483647;
			files = (
				805F2EF523EB0F02003FC5B2 /* ViewController.swift in Sources */,
				805F2EF123EB0F02003FC5B2 /* AppDelegate.swift in Sources */,
				805F2EF323EB0F02003FC5B2 /* SceneDelegate.swift in Sources */,
				805F2F0523EB1322003FC5B2 /* myData.swift in Sources */,
			);
			runOnlyForDeploymentPostprocessing = 0;
		};
/* End PBXSourcesBuildPhase section */

/* Begin PBXVariantGroup section */
		805F2EF623EB0F02003FC5B2 /* Main.storyboard */ = {
			isa = PBXVariantGroup;
			children = (
				805F2EF723EB0F02003FC5B2 /* Base */,
			);
			name = Main.storyboard;
			sourceTree = "<group>";
		};
		805F2EFB23EB0F03003FC5B2 /* LaunchScreen.storyboard */ = {
			isa = PBXVariantGroup;
			children = (
				805F2EFC23EB0F03003FC5B2 /* Base */,
			);
			name = LaunchScreen.storyboard;
			sourceTree = "<group>";
		};
/* End PBXVariantGroup section */

/* Begin XCBuildConfiguration section */
		805F2EFF23EB0F03003FC5B2 /* Debug */ = {
			isa = XCBuildConfiguration;
			buildSettings = {
				ALWAYS_SEARCH_USER_PATHS = NO;
				CLANG_ANALYZER_NONNULL = YES;
				CLANG_ANALYZER_NUMBER_OBJECT_CONVERSION = YES_AGGRESSIVE;
				CLANG_CXX_LANGUAGE_STANDARD = "gnu++14";
				CLANG_CXX_LIBRARY = "libc++";
				CLANG_ENABLE_MODULES = YES;
				CLANG_ENABLE_OBJC_ARC = YES;
				CLANG_ENABLE_OBJC_WEAK = YES;
				CLANG_WARN_BLOCK_CAPTURE_AUTORELEASING = YES;
				CLANG_WARN_BOOL_CONVERSION = YES;
				CLANG_WARN_COMMA = YES;
				CLANG_WARN_CONSTANT_CONVERSION = YES;
				CLANG_WARN_DEPRECATED_OBJC_IMPLEMENTATIONS = YES;
				CLANG_WARN_DIRECT_OBJC_ISA_USAGE = YES_ERROR;
				CLANG_WARN_DOCUMENTATION_COMMENTS = YES;
				CLANG_WARN_EMPTY_BODY = YES;
				CLANG_WARN_ENUM_CONVERSION = YES;
				CLANG_WARN_INFINITE_RECURSION = YES;
				CLANG_WARN_INT_CONVERSION = YES;
				CLANG_WARN_NON_LITERAL_NULL_CONVERSION = YES;
				CLANG_WARN_OBJC_IMPLICIT_RETAIN_SELF = YES;
				CLANG_WARN_OBJC_LITERAL_CONVERSION = YES;
				CLANG_WARN_OBJC_ROOT_CLASS = YES_ERROR;
				CLANG_WARN_RANGE_LOOP_ANALYSIS = YES;
				CLANG_WARN_STRICT_PROTOTYPES = YES;
				CLANG_WARN_SUSPICIOUS_MOVE = YES;
				CLANG_WARN_UNGUARDED_AVAILABILITY = YES_AGGRESSIVE;
				CLANG_WARN_UNREACHABLE_CODE = YES;
				CLANG_WARN__DUPLICATE_METHOD_MATCH = YES;
				COPY_PHASE_STRIP = NO;
				DEBUG_INFORMATION_FORMAT = dwarf;
				ENABLE_STRICT_OBJC_MSGSEND = YES;
				ENABLE_TESTABILITY = YES;
				GCC_C_LANGUAGE_STANDARD = gnu11;
				GCC_DYNAMIC_NO_PIC = NO;
				GCC_NO_COMMON_BLOCKS = YES;
				GCC_OPTIMIZATION_LEVEL = 0;
				GCC_PREPROCESSOR_DEFINITIONS = (
					"DEBUG=1",
					"$(inherited)",
				);
				GCC_WARN_64_TO_32_BIT_CONVERSION = YES;
				GCC_WARN_ABOUT_RETURN_TYPE = YES_ERROR;
				GCC_WARN_UNDECLARED_SELECTOR = YES;
				GCC_WARN_UNINITIALIZED_AUTOS = YES_AGGRESSIVE;
				GCC_WARN_UNUSED_FUNCTION = YES;
				GCC_WARN_UNUSED_VARIABLE = YES;
				IPHONEOS_DEPLOYMENT_TARGET = 13.2;
				MTL_ENABLE_DEBUG_INFO = INCLUDE_SOURCE;
				MTL_FAST_MATH = YES;
				ONLY_ACTIVE_ARCH = YES;
				SDKROOT = iphoneos;
				SWIFT_ACTIVE_COMPILATION_CONDITIONS = DEBUG;
				SWIFT_OPTIMIZATION_LEVEL = "-Onone";
			};
			name = Debug;
		};
		805F2F0023EB0F03003FC5B2 /* Release */ = {
			isa = XCBuildConfiguration;
			buildSettings = {
				ALWAYS_SEARCH_USER_PATHS = NO;
				CLANG_ANALYZER_NONNULL = YES;
				CLANG_ANALYZER_NUMBER_OBJECT_CONVERSION = YES_AGGRESSIVE;
				CLANG_CXX_LANGUAGE_STANDARD = "gnu++14";
				CLANG_CXX_LIBRARY = "libc++";
				CLANG_ENABLE_MODULES = YES;
				CLANG_ENABLE_OBJC_ARC = YES;
				CLANG_ENABLE_OBJC_WEAK = YES;
				CLANG_WARN_BLOCK_CAPTURE_AUTORELEASING = YES;
				CLANG_WARN_BOOL_CONVERSION = YES;
				CLANG_WARN_COMMA = YES;
				CLANG_WARN_CONSTANT_CONVERSION = YES;
				CLANG_WARN_DEPRECATED_OBJC_IMPLEMENTATIONS = YES;
				CLANG_WARN_DIRECT_OBJC_ISA_USAGE = YES_ERROR;
				CLANG_WARN_DOCUMENTATION_COMMENTS = YES;
				CLANG_WARN_EMPTY_BODY = YES;
				CLANG_WARN_ENUM_CONVERSION = YES;
				CLANG_WARN_INFINITE_RECURSION = YES;
				CLANG_WARN_INT_CONVERSION = YES;
				CLANG_WARN_NON_LITERAL_NULL_CONVERSION = YES;
				CLANG_WARN_OBJC_IMPLICIT_RETAIN_SELF = YES;
				CLANG_WARN_OBJC_LITERAL_CONVERSION = YES;
				CLANG_WARN_OBJC_ROOT_CLASS = YES_ERROR;
				CLANG_WARN_RANGE_LOOP_ANALYSIS = YES;
				CLANG_WARN_STRICT_PROTOTYPES = YES;
				CLANG_WARN_SUSPICIOUS_MOVE = YES;
				CLANG_WARN_UNGUARDED_AVAILABILITY = YES_AGGRESSIVE;
				CLANG_WARN_UNREACHABLE_CODE = YES;
				CLANG_WARN__DUPLICATE_METHOD_MATCH = YES;
				COPY_PHASE_STRIP = NO;
				DEBUG_INFORMATION_FORMAT = "dwarf-with-dsym";
				ENABLE_NS_ASSERTIONS = NO;
				ENABLE_STRICT_OBJC_MSGSEND = YES;
				GCC_C_LANGUAGE_STANDARD = gnu11;
				GCC_NO_COMMON_BLOCKS = YES;
				GCC_WARN_64_TO_32_BIT_CONVERSION = YES;
				GCC_WARN_ABOUT_RETURN_TYPE = YES_ERROR;
				GCC_WARN_UNDECLARED_SELECTOR = YES;
				GCC_WARN_UNINITIALIZED_AUTOS = YES_AGGRESSIVE;
				GCC_WARN_UNUSED_FUNCTION = YES;
				GCC_WARN_UNUSED_VARIABLE = YES;
				IPHONEOS_DEPLOYMENT_TARGET = 13.2;
				MTL_ENABLE_DEBUG_INFO = NO;
				MTL_FAST_MATH = YES;
				SDKROOT = iphoneos;
				SWIFT_COMPILATION_MODE = wholemodule;
				SWIFT_OPTIMIZATION_LEVEL = "-O";
				VALIDATE_PRODUCT = YES;
			};
			name = Release;
		};
		805F2F0223EB0F03003FC5B2 /* Debug */ = {
			isa = XCBuildConfiguration;
			buildSettings = {
				ASSETCATALOG_COMPILER_APPICON_NAME = AppIcon;
				CODE_SIGN_STYLE = Automatic;
				DEVELOPMENT_TEAM = 2K3363AHH9;
				INFOPLIST_FILE = "Data Testing Example/Info.plist";
				LD_RUNPATH_SEARCH_PATHS = (
					"$(inherited)",
					"@executable_path/Frameworks",
				);
				PRODUCT_BUNDLE_IDENTIFIER = org.cameronbuckley.murdermysterytdsapp;
				PRODUCT_NAME = "Murder Mystery TDS";
				SWIFT_VERSION = 5.0;
				TARGETED_DEVICE_FAMILY = 1;
			};
			name = Debug;
		};
		805F2F0323EB0F03003FC5B2 /* Release */ = {
			isa = XCBuildConfiguration;
			buildSettings = {
				ASSETCATALOG_COMPILER_APPICON_NAME = AppIcon;
				CODE_SIGN_STYLE = Automatic;
				DEVELOPMENT_TEAM = 2K3363AHH9;
				INFOPLIST_FILE = "Data Testing Example/Info.plist";
				LD_RUNPATH_SEARCH_PATHS = (
					"$(inherited)",
					"@executable_path/Frameworks",
				);
				PRODUCT_BUNDLE_IDENTIFIER = org.cameronbuckley.murdermysterytdsapp;
				PRODUCT_NAME = "Murder Mystery TDS";
				SWIFT_VERSION = 5.0;
				TARGETED_DEVICE_FAMILY = 1;
			};
			name = Release;
		};
/* End XCBuildConfiguration section */

/* Begin XCConfigurationList section */
		805F2EE823EB0F02003FC5B2 /* Build configuration list for PBXProject "Data Testing Example" */ = {
			isa = XCConfigurationList;
			buildConfigurations = (
				805F2EFF23EB0F03003FC5B2 /* Debug */,
				805F2F0023EB0F03003FC5B2 /* Release */,
			);
			defaultConfigurationIsVisible = 0;
			defaultConfigurationName = Release;
		};
		805F2F0123EB0F03003FC5B2 /* Build configuration list for PBXNativeTarget "Data Testing Example" */ = {
			isa = XCConfigurationList;
			buildConfigurations = (
				805F2F0223EB0F03003FC5B2 /* Debug */,
				805F2F0323EB0F03003FC5B2 /* Release */,
			);
			defaultConfigurationIsVisible = 0;
			defaultConfigurationName = Release;
		};
/* End XCConfigurationList section */
	};
	rootObject = 805F2EE523EB0F02003FC5B2 /* Project object */;
}
